
Microsoft Visual Studio Solution File, Format Version 12.00
# Visual Studio Version 16
VisualStudioVersion = 16.0.29509.3
MinimumVisualStudioVersion = 10.0.40219.1
Project("{8BC9CEB8-8B4A-11D0-8D11-00A0C91BC942}") = "Regulator", "Regulator.vcxproj", "{23305139-BC0C-4848-90A2-D2B615A41662}"
EndProject
Global
	GlobalSection(SolutionConfigurationPlatforms) = preSolution
		Debug|x64 = Debug|x64
		Debug|x86 = Debug|x86
		Release|x64 = Release|x64
		Release|x86 = Release|x86
	EndGlobalSection
	GlobalSection(ProjectConfigurationPlatforms) = postSolution
		{23305139-BC0C-4848-90A2-D2B615A41662}.Debug|x64.ActiveCfg = Debug|x64
		{23305139-BC0C-4848-90A2-D2B615A41662}.Debug|x64.Build.0 = Debug|x64
		{23305139-BC0C-4848-90A2-D2B615A41662}.Debug|x86.ActiveCfg = Debug|Win32
		{23305139-BC0C-4848-90A2-D2B615A41662}.Debug|x86.Build.0 = Debug|Win32
		{23305139-BC0C-4848-90A2-D2B615A41662}.Release|x64.ActiveCfg = Release|x64
		{23305139-BC0C-4848-90A2-D2B615A41662}.Release|x64.Build.0 = Release|x64
		{23305139-BC0C-4848-90A2-D2B615A41662}.Release|x86.ActiveCfg = Release|Win32
		{23305139-BC0C-4848-90A2-D2B615A41662}.Release|x86.Build.0 = Release|Win32
	EndGlobalSection
	GlobalSection(SolutionProperties) = preSolution
		HideSolutionNode = FALSE
	EndGlobalSection
	GlobalSection(ExtensibilityGlobals) = postSolution
		SolutionGuid = {0EDD568B-C0A5-4F72-B38D-E1A87633B1DA}
	EndGlobalSection
EndGlobal
